
Microsoft Visual Studio Solution File, Format Version 12.00
# Visual Studio 14
VisualStudioVersion = 14.0.23107.0
MinimumVisualStudioVersion = 10.0.40219.1
Project("{FAE04EC0-301F-11D3-BF4B-00C04F79EFBC}") = "BarCode", "BarCode\BarCode.csproj", "{6CD03775-D213-4C7D-B3F9-BD7D46BE50F1}"
EndProject
Project("{FAE04EC0-301F-11D3-BF4B-00C04F79EFBC}") = "BarcodeLib", "BarcodeLib\BarcodeLib.csproj", "{F8646414-0C9C-49BB-9DA3-3923BF78A398}"
EndProject
Global
	GlobalSection(SolutionConfigurationPlatforms) = preSolution
		Debug|Any CPU = Debug|Any CPU
		Debug|x86 = Debug|x86
		Release|Any CPU = Release|Any CPU
		Release|x86 = Release|x86
	EndGlobalSection
	GlobalSection(ProjectConfigurationPlatforms) = postSolution
		{6CD03775-D213-4C7D-B3F9-BD7D46BE50F1}.Debug|Any CPU.ActiveCfg = Debug|Any CPU
		{6CD03775-D213-4C7D-B3F9-BD7D46BE50F1}.Debug|Any CPU.Build.0 = Debug|Any CPU
		{6CD03775-D213-4C7D-B3F9-BD7D46BE50F1}.Debug|x86.ActiveCfg = Debug|Any CPU
		{6CD03775-D213-4C7D-B3F9-BD7D46BE50F1}.Debug|x86.Build.0 = Debug|Any CPU
		{6CD03775-D213-4C7D-B3F9-BD7D46BE50F1}.Release|Any CPU.ActiveCfg = Release|Any CPU
		{6CD03775-D213-4C7D-B3F9-BD7D46BE50F1}.Release|Any CPU.Build.0 = Release|Any CPU
		{6CD03775-D213-4C7D-B3F9-BD7D46BE50F1}.Release|x86.ActiveCfg = Release|Any CPU
		{6CD03775-D213-4C7D-B3F9-BD7D46BE50F1}.Release|x86.Build.0 = Release|Any CPU
		{F8646414-0C9C-49BB-9DA3-3923BF78A398}.Debug|Any CPU.ActiveCfg = Debug|Any CPU
		{F8646414-0C9C-49BB-9DA3-3923BF78A398}.Debug|Any CPU.Build.0 = Debug|Any CPU
		{F8646414-0C9C-49BB-9DA3-3923BF78A398}.Debug|x86.ActiveCfg = Debug|x86
		{F8646414-0C9C-49BB-9DA3-3923BF78A398}.Debug|x86.Build.0 = Debug|x86
		{F8646414-0C9C-49BB-9DA3-3923BF78A398}.Release|Any CPU.ActiveCfg = Release|Any CPU
		{F8646414-0C9C-49BB-9DA3-3923BF78A398}.Release|Any CPU.Build.0 = Release|Any CPU
		{F8646414-0C9C-49BB-9DA3-3923BF78A398}.Release|x86.ActiveCfg = Release|x86
		{F8646414-0C9C-49BB-9DA3-3923BF78A398}.Release|x86.Build.0 = Release|x86
	EndGlobalSection
	GlobalSection(SolutionProperties) = preSolution
		HideSolutionNode = FALSE
	EndGlobalSection
EndGlobal
